
Microsoft Visual Studio Solution File, Format Version 11.00
# Visual Studio 2010
Project("{888888A0-9F3D-457C-B088-3A5042F75D52}") = "DeepLearningTutorials", "DeepLearningTutorials.pyproj", "{0E43214E-7CFC-40A1-B645-6B8B6FB29E05}"
EndProject
Global
	GlobalSection(SolutionConfigurationPlatforms) = preSolution
		Debug|Any CPU = Debug|Any CPU
		Release|Any CPU = Release|Any CPU
	EndGlobalSection
	GlobalSection(ProjectConfigurationPlatforms) = postSolution
		{0E43214E-7CFC-40A1-B645-6B8B6FB29E05}.Debug|Any CPU.ActiveCfg = Debug|Any CPU
		{0E43214E-7CFC-40A1-B645-6B8B6FB29E05}.Release|Any CPU.ActiveCfg = Release|Any CPU
	EndGlobalSection
	GlobalSection(SolutionProperties) = preSolution
		HideSolutionNode = FALSE
	EndGlobalSection
EndGlobal
